# THIS IS AN AUTOGENERATED FILE. DO NOT EDIT THIS FILE DIRECTLY.
# yarn lockfile v1


angular-mocks@1.7.8:
  version "1.7.8"
  resolved "https://registry.yarnpkg.com/angular-mocks/-/angular-mocks-1.7.8.tgz#95e7887ca91d1a3e176cc22f2d1941d284ce9767"
  integrity sha512-LB13ESBT0eJrhQhfPXyLR9qm4LI9g44hyBFwUqZKEHEA4DpfxVTu0ONipiNoN0zWtmEAezA8u2gjcoaO2TStig==

angular-translate@2.18.1:
  version "2.18.1"
  resolved "https://registry.yarnpkg.com/angular-translate/-/angular-translate-2.18.1.tgz#b29ed0d2f9bac44075e7aad3284166c59e150791"
  integrity sha512-Mw0kFBqsv5j8ItL9IhRZunIlVmIRW6iFsiTmRs9wGr2QTt8z4rehYlWyHos8qnXc/kyOYJiW50iH50CSNHGB9A==
  dependencies:
    angular ">=1.2.26 <=1.7"

"angular@>=1.2.26 <=1.7":
  version "1.7.8"
  resolved "https://registry.yarnpkg.com/angular/-/angular-1.7.8.tgz#b77ede272ce1b261e3be30c1451a0b346905a3c9"
  integrity sha512-wtef/y4COxM7ZVhddd7JtAAhyYObq9YXKar9tsW7558BImeVYteJiTxCKeJOL45lJ/+7B4wrAC49j8gTFYEthg==
