# THIS IS AN AUTOGENERATED FILE. DO NOT EDIT THIS FILE DIRECTLY.
# yarn lockfile v1


"@uirouter/angularjs@1.0.22":
  version "1.0.22"
  resolved "https://registry.yarnpkg.com/@uirouter/angularjs/-/angularjs-1.0.22.tgz#581ab38794a2d7c2790851087072c4066b2b6c46"
  integrity sha512-d0SvdbXAav+Z6gCJd7gmn2eXEUtO3RvYcSLwtPaE8+7QiWHpSKNfGdD4D3noXhO2yUTz/AwaxsiRFMCwgVI0UQ==
  dependencies:
    "@uirouter/core" "5.0.23"

"@uirouter/core@5.0.23":
  version "5.0.23"
  resolved "https://registry.yarnpkg.com/@uirouter/core/-/core-5.0.23.tgz#363b4bea635a1b48900dc7e65793a65a3b58a79e"
  integrity sha512-rwFOH++z/KY8y+h0IOpQ5uC8Nim6E0EBCQrIjhVCr+XKYXgpK+VdtuOLFdogvbJ3AAi5Z7ei00qdEr7Did5CAg==

angular-animate@1.7.8:
  version "1.7.8"
  resolved "https://registry.yarnpkg.com/angular-animate/-/angular-animate-1.7.8.tgz#c95f237efe7ecfe0e6003adb5e2c7ef0e5a2b9d4"
  integrity sha512-bINtzizq7TbJzfVrDpwLfTxVl0Qd7fRNWFb5jKYI1vaFZobQNX/QONXlLow6ySsDbZ6eLECycB7mvWtfh1YYaw==

angular-aria@1.7.8:
  version "1.7.8"
  resolved "https://registry.yarnpkg.com/angular-aria/-/angular-aria-1.7.8.tgz#3954250ef516b57cdd3cdf41ff4ee6fcfdc84ceb"
  integrity sha512-facq/111sZKL2wUUqRA1GnGt+lZ8KAcX9Aw04cNA+OyEkoaoRC77NY4VSOTQxghlSd0OPAdLeFnmETnuiWrpLg==

angular-material@1.1.20:
  version "1.1.20"
  resolved "https://registry.yarnpkg.com/angular-material/-/angular-material-1.1.20.tgz#138def4a4f3982fddfa7788c9775e663f12cba85"
  integrity sha512-R2jILX9g7AVvEZbIMqEp8mkjlH/iSrDG150pCSzL7+6PHdi4dYuyXNRtYlpYKe+72Q4fIV4YBYSxepNob3hU9A==

angular-mocks@1.7.8:
  version "1.7.8"
  resolved "https://registry.yarnpkg.com/angular-mocks/-/angular-mocks-1.7.8.tgz#95e7887ca91d1a3e176cc22f2d1941d284ce9767"
  integrity sha512-LB13ESBT0eJrhQhfPXyLR9qm4LI9g44hyBFwUqZKEHEA4DpfxVTu0ONipiNoN0zWtmEAezA8u2gjcoaO2TStig==

angular-sanitize@1.7.8:
  version "1.7.8"
  resolved "https://registry.yarnpkg.com/angular-sanitize/-/angular-sanitize-1.7.8.tgz#87d59f754bb18d286dfd9d6ce867299c094c6719"
  integrity sha512-sVq51is1cVNiPytH4JIEd7iRW0OBIRQGNETWkz1c/jnLv2sBf9oDxEd8enwDz/W2ULBIpqJPK/3AsIxmZyh9pA==

angular-translate@2.18.1:
  version "2.18.1"
  resolved "https://registry.yarnpkg.com/angular-translate/-/angular-translate-2.18.1.tgz#b29ed0d2f9bac44075e7aad3284166c59e150791"
  integrity sha512-Mw0kFBqsv5j8ItL9IhRZunIlVmIRW6iFsiTmRs9wGr2QTt8z4rehYlWyHos8qnXc/kyOYJiW50iH50CSNHGB9A==
  dependencies:
    angular ">=1.2.26 <=1.7"

angular@1.7.8, "angular@>=1.2.26 <=1.7":
  version "1.7.8"
  resolved "https://registry.yarnpkg.com/angular/-/angular-1.7.8.tgz#b77ede272ce1b261e3be30c1451a0b346905a3c9"
  integrity sha512-wtef/y4COxM7ZVhddd7JtAAhyYObq9YXKar9tsW7558BImeVYteJiTxCKeJOL45lJ/+7B4wrAC49j8gTFYEthg==
